
Microsoft Visual Studio Solution File, Format Version 12.00
# Visual Studio Version 16
VisualStudioVersion = 16.0.33927.289
MinimumVisualStudioVersion = 10.0.40219.1
Project("{FAE04EC0-301F-11D3-BF4B-00C04F79EFBC}") = "Presentacion", "Presentacion\Presentacion.csproj", "{5A9F3747-2C85-40C4-B0FE-5FB2D1747103}"
EndProject
Project("{FAE04EC0-301F-11D3-BF4B-00C04F79EFBC}") = "Negocio", "Negocio\Negocio.csproj", "{E6DE0526-629C-4B5C-8A0D-331D52D80DE9}"
EndProject
Project("{FAE04EC0-301F-11D3-BF4B-00C04F79EFBC}") = "Datos", "Datos\Datos.csproj", "{98744D28-68A5-4F62-A15D-F078D5F54DAF}"
EndProject
Global
	GlobalSection(SolutionConfigurationPlatforms) = preSolution
		Debug|Any CPU = Debug|Any CPU
		Release|Any CPU = Release|Any CPU
	EndGlobalSection
	GlobalSection(ProjectConfigurationPlatforms) = postSolution
		{5A9F3747-2C85-40C4-B0FE-5FB2D1747103}.Debug|Any CPU.ActiveCfg = Debug|Any CPU
		{5A9F3747-2C85-40C4-B0FE-5FB2D1747103}.Debug|Any CPU.Build.0 = Debug|Any CPU
		{5A9F3747-2C85-40C4-B0FE-5FB2D1747103}.Release|Any CPU.ActiveCfg = Release|Any CPU
		{5A9F3747-2C85-40C4-B0FE-5FB2D1747103}.Release|Any CPU.Build.0 = Release|Any CPU
		{E6DE0526-629C-4B5C-8A0D-331D52D80DE9}.Debug|Any CPU.ActiveCfg = Debug|Any CPU
		{E6DE0526-629C-4B5C-8A0D-331D52D80DE9}.Debug|Any CPU.Build.0 = Debug|Any CPU
		{E6DE0526-629C-4B5C-8A0D-331D52D80DE9}.Release|Any CPU.ActiveCfg = Release|Any CPU
		{E6DE0526-629C-4B5C-8A0D-331D52D80DE9}.Release|Any CPU.Build.0 = Release|Any CPU
		{98744D28-68A5-4F62-A15D-F078D5F54DAF}.Debug|Any CPU.ActiveCfg = Debug|Any CPU
		{98744D28-68A5-4F62-A15D-F078D5F54DAF}.Debug|Any CPU.Build.0 = Debug|Any CPU
		{98744D28-68A5-4F62-A15D-F078D5F54DAF}.Release|Any CPU.ActiveCfg = Release|Any CPU
		{98744D28-68A5-4F62-A15D-F078D5F54DAF}.Release|Any CPU.Build.0 = Release|Any CPU
	EndGlobalSection
	GlobalSection(SolutionProperties) = preSolution
		HideSolutionNode = FALSE
	EndGlobalSection
	GlobalSection(ExtensibilityGlobals) = postSolution
		SolutionGuid = {AD247320-6AEB-4845-B62A-FC94FB676521}
	EndGlobalSection
EndGlobal
